lockfileVersion: '6.0'

settings:
  autoInstallPeers: true
  excludeLinksFromLockfile: false

devDependencies:
  tsup:
    specifier: ^8.0.2
    version: 8.0.2(typescript@5.3.3)
  typescript:
    specifier: ^5.3.3
    version: 5.3.3

packages:

  /@esbuild/aix-ppc64@0.19.12:
    resolution: {integrity: sha1-0bwGrttpNrO20xO/gJpaQDh9K38=, tarball: http://r.npm.sankuai.com/@esbuild/aix-ppc64/download/@esbuild/aix-ppc64-0.19.12.tgz}
    engines: {node: '>=12'}
    cpu: [ppc64]
    os: [aix]
    requiresBuild: true
    dev: true
    optional: true

  /@esbuild/android-arm64@0.19.12:
    resolution: {integrity: sha1-etZaNs/bfg1CnDU+APaA1zfCrtQ=, tarball: http://r.npm.sankuai.com/@esbuild/android-arm64/download/@esbuild/android-arm64-0.19.12.tgz}
    engines: {node: '>=12'}
    cpu: [arm64]
    os: [android]
    requiresBuild: true
    dev: true
    optional: true

  /@esbuild/android-arm@0.19.12:
    resolution: {integrity: sha1-sMJlNvN3dhYsqL3iXkIEDCA/KCQ=, tarball: http://r.npm.sankuai.com/@esbuild/android-arm/download/@esbuild/android-arm-0.19.12.tgz}
    engines: {node: '>=12'}
    cpu: [arm]
    os: [android]
    requiresBuild: true
    dev: true
    optional: true

  /@esbuild/android-x64@0.19.12:
    resolution: {integrity: sha1-yxPiIRKCASGU2Jvzv+dyEnNHOz0=, tarball: http://r.npm.sankuai.com/@esbuild/android-x64/download/@esbuild/android-x64-0.19.12.tgz}
    engines: {node: '>=12'}
    cpu: [x64]
    os: [android]
    requiresBuild: true
    dev: true
    optional: true

  /@esbuild/darwin-arm64@0.19.12:
    resolution: {integrity: sha1-y+5B6YgCDUtRbp2eRN0pIAmWJ14=, tarball: http://r.npm.sankuai.com/@esbuild/darwin-arm64/download/@esbuild/darwin-arm64-0.19.12.tgz}
    engines: {node: '>=12'}
    cpu: [arm64]
    os: [darwin]
    requiresBuild: true
    dev: true
    optional: true

  /@esbuild/darwin-x64@0.19.12:
    resolution: {integrity: sha1-432WMyRtUq7PSR7pFuznCfnV9M0=, tarball: http://r.npm.sankuai.com/@esbuild/darwin-x64/download/@esbuild/darwin-x64-0.19.12.tgz}
    engines: {node: '>=12'}
    cpu: [x64]
    os: [darwin]
    requiresBuild: true
    dev: true
    optional: true

  /@esbuild/freebsd-arm64@0.19.12:
    resolution: {integrity: sha1-HuTYtoLtNjsIr3TR6isrTbunZIc=, tarball: http://r.npm.sankuai.com/@esbuild/freebsd-arm64/download/@esbuild/freebsd-arm64-0.19.12.tgz}
    engines: {node: '>=12'}
    cpu: [arm64]
    os: [freebsd]
    requiresBuild: true
    dev: true
    optional: true

  /@esbuild/freebsd-x64@0.19.12:
    resolution: {integrity: sha1-N6aTVT1C/3fNcSZ2S1NftswooRw=, tarball: http://r.npm.sankuai.com/@esbuild/freebsd-x64/download/@esbuild/freebsd-x64-0.19.12.tgz}
    engines: {node: '>=12'}
    cpu: [x64]
    os: [freebsd]
    requiresBuild: true
    dev: true
    optional: true

  /@esbuild/linux-arm64@0.19.12:
    resolution: {integrity: sha1-vpsUWYXsbFdHDg4FHYh7Cd3bLUs=, tarball: http://r.npm.sankuai.com/@esbuild/linux-arm64/download/@esbuild/linux-arm64-0.19.12.tgz}
    engines: {node: '>=12'}
    cpu: [arm64]
    os: [linux]
    requiresBuild: true
    dev: true
    optional: true

  /@esbuild/linux-arm@0.19.12:
    resolution: {integrity: sha1-IH7NmCqNuV97UnkgfQ/yMxrPXu8=, tarball: http://r.npm.sankuai.com/@esbuild/linux-arm/download/@esbuild/linux-arm-0.19.12.tgz}
    engines: {node: '>=12'}
    cpu: [arm]
    os: [linux]
    requiresBuild: true
    dev: true
    optional: true

  /@esbuild/linux-ia32@0.19.12:
    resolution: {integrity: sha1-0NhrXKFWJSPcKEpnIyk6UtWGBgE=, tarball: http://r.npm.sankuai.com/@esbuild/linux-ia32/download/@esbuild/linux-ia32-0.19.12.tgz}
    engines: {node: '>=12'}
    cpu: [ia32]
    os: [linux]
    requiresBuild: true
    dev: true
    optional: true

  /@esbuild/linux-loong64@0.19.12:
    resolution: {integrity: sha1-mjf4f+xLhAjmgrUoOR+iKv2VIpk=, tarball: http://r.npm.sankuai.com/@esbuild/linux-loong64/download/@esbuild/linux-loong64-0.19.12.tgz}
    engines: {node: '>=12'}
    cpu: [loong64]
    os: [linux]
    requiresBuild: true
    dev: true
    optional: true

  /@esbuild/linux-mips64el@0.19.12:
    resolution: {integrity: sha1-Td69Tm7rogtQnY50yOMNis4Liew=, tarball: http://r.npm.sankuai.com/@esbuild/linux-mips64el/download/@esbuild/linux-mips64el-0.19.12.tgz}
    engines: {node: '>=12'}
    cpu: [mips64el]
    os: [linux]
    requiresBuild: true
    dev: true
    optional: true

  /@esbuild/linux-ppc64@0.19.12:
    resolution: {integrity: sha1-rbZ9rbc2VoSfY81SL17LNR3Y3ug=, tarball: http://r.npm.sankuai.com/@esbuild/linux-ppc64/download/@esbuild/linux-ppc64-0.19.12.tgz}
    engines: {node: '>=12'}
    cpu: [ppc64]
    os: [linux]
    requiresBuild: true
    dev: true
    optional: true

  /@esbuild/linux-riscv64@0.19.12:
    resolution: {integrity: sha1-EbwGmL8KKr+HJ/HHrOIRJhLBWt8=, tarball: http://r.npm.sankuai.com/@esbuild/linux-riscv64/download/@esbuild/linux-riscv64-0.19.12.tgz}
    engines: {node: '>=12'}
    cpu: [riscv64]
    os: [linux]
    requiresBuild: true
    dev: true
    optional: true

  /@esbuild/linux-s390x@0.19.12:
    resolution: {integrity: sha1-6G+4/7p8XJK6kfw7J+1acBlsPMg=, tarball: http://r.npm.sankuai.com/@esbuild/linux-s390x/download/@esbuild/linux-s390x-0.19.12.tgz}
    engines: {node: '>=12'}
    cpu: [s390x]
    os: [linux]
    requiresBuild: true
    dev: true
    optional: true

  /@esbuild/linux-x64@0.19.12:
    resolution: {integrity: sha1-XzfP3HBa6mh9/l377AhqBaz+nHg=, tarball: http://r.npm.sankuai.com/@esbuild/linux-x64/download/@esbuild/linux-x64-0.19.12.tgz}
    engines: {node: '>=12'}
    cpu: [x64]
    os: [linux]
    requiresBuild: true
    dev: true
    optional: true

  /@esbuild/netbsd-x64@0.19.12:
    resolution: {integrity: sha1-KdpWanUyTg0N1+R1GbovfvFoZXs=, tarball: http://r.npm.sankuai.com/@esbuild/netbsd-x64/download/@esbuild/netbsd-x64-0.19.12.tgz}
    engines: {node: '>=12'}
    cpu: [x64]
    os: [netbsd]
    requiresBuild: true
    dev: true
    optional: true

  /@esbuild/openbsd-x64@0.19.12:
    resolution: {integrity: sha1-MGwKy9tamclb6YvdHUfJFufcP/A=, tarball: http://r.npm.sankuai.com/@esbuild/openbsd-x64/download/@esbuild/openbsd-x64-0.19.12.tgz}
    engines: {node: '>=12'}
    cpu: [x64]
    os: [openbsd]
    requiresBuild: true
    dev: true
    optional: true

  /@esbuild/sunos-x64@0.19.12:
    resolution: {integrity: sha1-CTPqq5r4ubLJMCNvYqrj/Fk/rzA=, tarball: http://r.npm.sankuai.com/@esbuild/sunos-x64/download/@esbuild/sunos-x64-0.19.12.tgz}
    engines: {node: '>=12'}
    cpu: [x64]
    os: [sunos]
    requiresBuild: true
    dev: true
    optional: true

  /@esbuild/win32-arm64@0.19.12:
    resolution: {integrity: sha1-dzvbqhlxs22y9lYAiGOczR5nc64=, tarball: http://r.npm.sankuai.com/@esbuild/win32-arm64/download/@esbuild/win32-arm64-0.19.12.tgz}
    engines: {node: '>=12'}
    cpu: [arm64]
    os: [win32]
    requiresBuild: true
    dev: true
    optional: true

  /@esbuild/win32-ia32@0.19.12:
    resolution: {integrity: sha1-AAUWytBjVMyEpz8JQ6SqaQ72/Wc=, tarball: http://r.npm.sankuai.com/@esbuild/win32-ia32/download/@esbuild/win32-ia32-0.19.12.tgz}
    engines: {node: '>=12'}
    cpu: [ia32]
    os: [win32]
    requiresBuild: true
    dev: true
    optional: true

  /@esbuild/win32-x64@0.19.12:
    resolution: {integrity: sha1-xXyK+7QFSjq4MXWRoLcyA2C0RK4=, tarball: http://r.npm.sankuai.com/@esbuild/win32-x64/download/@esbuild/win32-x64-0.19.12.tgz}
    engines: {node: '>=12'}
    cpu: [x64]
    os: [win32]
    requiresBuild: true
    dev: true
    optional: true

  /@isaacs/cliui@8.0.2:
    resolution: {integrity: sha1-s3Znt7wYHBaHgiWbq0JHT79StVA=, tarball: http://r.npm.sankuai.com/@isaacs/cliui/download/@isaacs/cliui-8.0.2.tgz}
    engines: {node: '>=12'}
    dependencies:
      string-width: 5.1.2
      string-width-cjs: /string-width@4.2.3
      strip-ansi: 7.1.0
      strip-ansi-cjs: /strip-ansi@6.0.1
      wrap-ansi: 8.1.0
      wrap-ansi-cjs: /wrap-ansi@7.0.0
    dev: true

  /@jridgewell/gen-mapping@0.3.4:
    resolution: {integrity: sha1-mxgUXSbPM9CFds9MdmWyhVRIDtc=, tarball: http://r.npm.sankuai.com/@jridgewell/gen-mapping/download/@jridgewell/gen-mapping-0.3.4.tgz}
    engines: {node: '>=6.0.0'}
    dependencies:
      '@jridgewell/set-array': 1.1.2
      '@jridgewell/sourcemap-codec': 1.4.15
      '@jridgewell/trace-mapping': 0.3.23
    dev: true

  /@jridgewell/resolve-uri@3.1.2:
    resolution: {integrity: sha1-eg7mAfYPmaIMfHxf8MgDiMEYm9Y=, tarball: http://r.npm.sankuai.com/@jridgewell/resolve-uri/download/@jridgewell/resolve-uri-3.1.2.tgz}
    engines: {node: '>=6.0.0'}
    dev: true

  /@jridgewell/set-array@1.1.2:
    resolution: {integrity: sha1-fGz5mNbSC5FMClWpGuko/yWWXnI=, tarball: http://r.npm.sankuai.com/@jridgewell/set-array/download/@jridgewell/set-array-1.1.2.tgz}
    engines: {node: '>=6.0.0'}
    dev: true

  /@jridgewell/sourcemap-codec@1.4.15:
    resolution: {integrity: sha1-18bmdVx4VnqVHgSrUu8P0m3lnzI=, tarball: http://r.npm.sankuai.com/@jridgewell/sourcemap-codec/download/@jridgewell/sourcemap-codec-1.4.15.tgz}
    dev: true

  /@jridgewell/trace-mapping@0.3.23:
    resolution: {integrity: sha1-r8loR/PweEFHfzA+7Wh3B6WqzYA=, tarball: http://r.npm.sankuai.com/@jridgewell/trace-mapping/download/@jridgewell/trace-mapping-0.3.23.tgz}
    dependencies:
      '@jridgewell/resolve-uri': 3.1.2
      '@jridgewell/sourcemap-codec': 1.4.15
    dev: true

  /@nodelib/fs.scandir@2.1.5:
    resolution: {integrity: sha1-dhnC6yGyVIP20WdUi0z9WnSIw9U=, tarball: https://r.npm.sankuai.com/@nodelib/fs.scandir/download/@nodelib/fs.scandir-2.1.5.tgz}
    engines: {node: '>= 8'}
    dependencies:
      '@nodelib/fs.stat': 2.0.5
      run-parallel: 1.2.0
    dev: true

  /@nodelib/fs.stat@2.0.5:
    resolution: {integrity: sha1-W9Jir5Tp0lvR5xsF3u1Eh2oiLos=, tarball: http://r.npm.sankuai.com/@nodelib/fs.stat/download/@nodelib/fs.stat-2.0.5.tgz}
    engines: {node: '>= 8'}
    dev: true

  /@nodelib/fs.walk@1.2.8:
    resolution: {integrity: sha1-6Vc36LtnRt3t9pxVaVNJTxlv5po=, tarball: http://r.npm.sankuai.com/@nodelib/fs.walk/download/@nodelib/fs.walk-1.2.8.tgz}
    engines: {node: '>= 8'}
    dependencies:
      '@nodelib/fs.scandir': 2.1.5
      fastq: 1.17.1
    dev: true

  /@pkgjs/parseargs@0.11.0:
    resolution: {integrity: sha1-p36nQvqyV3UUVDTrHSMoz1ATrDM=, tarball: http://r.npm.sankuai.com/@pkgjs/parseargs/download/@pkgjs/parseargs-0.11.0.tgz}
    engines: {node: '>=14'}
    requiresBuild: true
    dev: true
    optional: true

  /@rollup/rollup-android-arm-eabi@4.12.0:
    resolution: {integrity: sha1-OMOr0ZVaPCHUkq9rGh3KS7HYlNY=, tarball: http://r.npm.sankuai.com/@rollup/rollup-android-arm-eabi/download/@rollup/rollup-android-arm-eabi-4.12.0.tgz}
    cpu: [arm]
    os: [android]
    requiresBuild: true
    dev: true
    optional: true

  /@rollup/rollup-android-arm64@4.12.0:
    resolution: {integrity: sha1-OCLpKfQVYnYJ5TsRzsmkvoBt4OI=, tarball: http://r.npm.sankuai.com/@rollup/rollup-android-arm64/download/@rollup/rollup-android-arm64-4.12.0.tgz}
    cpu: [arm64]
    os: [android]
    requiresBuild: true
    dev: true
    optional: true

  /@rollup/rollup-darwin-arm64@4.12.0:
    resolution: {integrity: sha1-bAgt5x9IH1ffbPo3Aasqev3pb2k=, tarball: http://r.npm.sankuai.com/@rollup/rollup-darwin-arm64/download/@rollup/rollup-darwin-arm64-4.12.0.tgz}
    cpu: [arm64]
    os: [darwin]
    requiresBuild: true
    dev: true
    optional: true

  /@rollup/rollup-darwin-x64@4.12.0:
    resolution: {integrity: sha1-w0yg0x88RqIsmvoOlEQD7qDtz9g=, tarball: http://r.npm.sankuai.com/@rollup/rollup-darwin-x64/download/@rollup/rollup-darwin-x64-4.12.0.tgz}
    cpu: [x64]
    os: [darwin]
    requiresBuild: true
    dev: true
    optional: true

  /@rollup/rollup-linux-arm-gnueabihf@4.12.0:
    resolution: {integrity: sha1-SOiZweQ4YpwHKIm4JKmHh6fCNi0=, tarball: http://r.npm.sankuai.com/@rollup/rollup-linux-arm-gnueabihf/download/@rollup/rollup-linux-arm-gnueabihf-4.12.0.tgz}
    cpu: [arm]
    os: [linux]
    requiresBuild: true
    dev: true
    optional: true

  /@rollup/rollup-linux-arm64-gnu@4.12.0:
    resolution: {integrity: sha1-eIwmmKEZ3CKQYtQNpq2ooJCnOmg=, tarball: http://r.npm.sankuai.com/@rollup/rollup-linux-arm64-gnu/download/@rollup/rollup-linux-arm64-gnu-4.12.0.tgz}
    cpu: [arm64]
    os: [linux]
    libc: [glibc]
    requiresBuild: true
    dev: true
    optional: true

  /@rollup/rollup-linux-arm64-musl@4.12.0:
    resolution: {integrity: sha1-OIKk46Vkr55VgEvutnB2hXsDWrc=, tarball: http://r.npm.sankuai.com/@rollup/rollup-linux-arm64-musl/download/@rollup/rollup-linux-arm64-musl-4.12.0.tgz}
    cpu: [arm64]
    os: [linux]
    libc: [musl]
    requiresBuild: true
    dev: true
    optional: true

  /@rollup/rollup-linux-riscv64-gnu@4.12.0:
    resolution: {integrity: sha1-DGrXkuEZXBK/rmNEJaPSqg/pOrc=, tarball: http://r.npm.sankuai.com/@rollup/rollup-linux-riscv64-gnu/download/@rollup/rollup-linux-riscv64-gnu-4.12.0.tgz}
    cpu: [riscv64]
    os: [linux]
    libc: [glibc]
    requiresBuild: true
    dev: true
    optional: true

  /@rollup/rollup-linux-x64-gnu@4.12.0:
    resolution: {integrity: sha1-nWJIXqDxjYZ0AztXqhT7dY9uxuM=, tarball: http://r.npm.sankuai.com/@rollup/rollup-linux-x64-gnu/download/@rollup/rollup-linux-x64-gnu-4.12.0.tgz}
    cpu: [x64]
    os: [linux]
    libc: [glibc]
    requiresBuild: true
    dev: true
    optional: true

  /@rollup/rollup-linux-x64-musl@4.12.0:
    resolution: {integrity: sha1-UOgWfiizPJd8H4E97ysgdNFDXgU=, tarball: http://r.npm.sankuai.com/@rollup/rollup-linux-x64-musl/download/@rollup/rollup-linux-x64-musl-4.12.0.tgz}
    cpu: [x64]
    os: [linux]
    libc: [musl]
    requiresBuild: true
    dev: true
    optional: true

  /@rollup/rollup-win32-arm64-msvc@4.12.0:
    resolution: {integrity: sha1-aNIzJyogBEKRJElBIaQsSuvcW44=, tarball: http://r.npm.sankuai.com/@rollup/rollup-win32-arm64-msvc/download/@rollup/rollup-win32-arm64-msvc-4.12.0.tgz}
    cpu: [arm64]
    os: [win32]
    requiresBuild: true
    dev: true
    optional: true

  /@rollup/rollup-win32-ia32-msvc@4.12.0:
    resolution: {integrity: sha1-NmymIiHRaJ47VaA/SuEq6bpZXUA=, tarball: http://r.npm.sankuai.com/@rollup/rollup-win32-ia32-msvc/download/@rollup/rollup-win32-ia32-msvc-4.12.0.tgz}
    cpu: [ia32]
    os: [win32]
    requiresBuild: true
    dev: true
    optional: true

  /@rollup/rollup-win32-x64-msvc@4.12.0:
    resolution: {integrity: sha1-n/357RM6dGT0rhh+ueEpRBP6sjU=, tarball: http://r.npm.sankuai.com/@rollup/rollup-win32-x64-msvc/download/@rollup/rollup-win32-x64-msvc-4.12.0.tgz}
    cpu: [x64]
    os: [win32]
    requiresBuild: true
    dev: true
    optional: true

  /@types/estree@1.0.5:
    resolution: {integrity: sha1-ps4+VW4A/ZiV3Yct0XKtDUvWh/Q=, tarball: https://r.npm.sankuai.com/@types/estree/download/@types/estree-1.0.5.tgz}
    dev: true

  /ansi-regex@5.0.1:
    resolution: {integrity: sha1-CCyyyJyf6GWaMRpTvWpNxTAdswQ=, tarball: http://r.npm.sankuai.com/ansi-regex/download/ansi-regex-5.0.1.tgz}
    engines: {node: '>=8'}
    dev: true

  /ansi-regex@6.0.1:
    resolution: {integrity: sha1-MYPjj66aZdfLXlOUXNWJfQJgoGo=, tarball: http://r.npm.sankuai.com/ansi-regex/download/ansi-regex-6.0.1.tgz}
    engines: {node: '>=12'}
    dev: true

  /ansi-styles@4.3.0:
    resolution: {integrity: sha1-7dgDYornHATIWuegkG7a00tkiTc=, tarball: http://r.npm.sankuai.com/ansi-styles/download/ansi-styles-4.3.0.tgz}
    engines: {node: '>=8'}
    dependencies:
      color-convert: 2.0.1
    dev: true

  /ansi-styles@6.2.1:
    resolution: {integrity: sha1-DmIyDPmcIa//OzASGSVGqsv7BcU=, tarball: http://r.npm.sankuai.com/ansi-styles/download/ansi-styles-6.2.1.tgz}
    engines: {node: '>=12'}
    dev: true

  /any-promise@1.3.0:
    resolution: {integrity: sha1-q8av7tzqUugJzcA3au0845Y10X8=, tarball: http://r.npm.sankuai.com/any-promise/download/any-promise-1.3.0.tgz}
    dev: true

  /anymatch@3.1.3:
    resolution: {integrity: sha1-eQxYsZuhcgqEIFtXxhjVrYUklz4=, tarball: http://r.npm.sankuai.com/anymatch/download/anymatch-3.1.3.tgz}
    engines: {node: '>= 8'}
    dependencies:
      normalize-path: 3.0.0
      picomatch: 2.3.1
    dev: true

  /array-union@2.1.0:
    resolution: {integrity: sha1-t5hCCtvrHego2ErNii4j0+/oXo0=, tarball: http://r.npm.sankuai.com/array-union/download/array-union-2.1.0.tgz}
    engines: {node: '>=8'}
    dev: true

  /balanced-match@1.0.2:
    resolution: {integrity: sha1-6D46fj8wCzTLnYf2FfoMvzV2kO4=, tarball: http://r.npm.sankuai.com/balanced-match/download/balanced-match-1.0.2.tgz}
    dev: true

  /binary-extensions@2.2.0:
    resolution: {integrity: sha1-dfUC7q+f/eQvyYgpZFvk6na9ni0=, tarball: http://r.npm.sankuai.com/binary-extensions/download/binary-extensions-2.2.0.tgz}
    engines: {node: '>=8'}
    dev: true

  /brace-expansion@2.0.1:
    resolution: {integrity: sha1-HtxFng8MVISG7Pn8mfIiE2S5oK4=, tarball: http://r.npm.sankuai.com/brace-expansion/download/brace-expansion-2.0.1.tgz}
    dependencies:
      balanced-match: 1.0.2
    dev: true

  /braces@3.0.2:
    resolution: {integrity: sha1-NFThpGLujVmeI23zNs2epPiv4Qc=, tarball: http://r.npm.sankuai.com/braces/download/braces-3.0.2.tgz}
    engines: {node: '>=8'}
    dependencies:
      fill-range: 7.0.1
    dev: true

  /bundle-require@4.0.2(esbuild@0.19.12):
    resolution: {integrity: sha1-Zfx0/xTqu7o20myaYWG9eP/2sp4=, tarball: http://r.npm.sankuai.com/bundle-require/download/bundle-require-4.0.2.tgz}
    engines: {node: ^12.20.0 || ^14.13.1 || >=16.0.0}
    peerDependencies:
      esbuild: '>=0.17'
    dependencies:
      esbuild: 0.19.12
      load-tsconfig: 0.2.5
    dev: true

  /cac@6.7.14:
    resolution: {integrity: sha1-gE4eb1Bu42PLDjzLsJytXdmHCVk=, tarball: http://r.npm.sankuai.com/cac/download/cac-6.7.14.tgz}
    engines: {node: '>=8'}
    dev: true

  /chokidar@3.6.0:
    resolution: {integrity: sha1-GXxsxmnvKo3F57TZfuTgksPrDVs=, tarball: http://r.npm.sankuai.com/chokidar/download/chokidar-3.6.0.tgz}
    engines: {node: '>= 8.10.0'}
    dependencies:
      anymatch: 3.1.3
      braces: 3.0.2
      glob-parent: 5.1.2
      is-binary-path: 2.1.0
      is-glob: 4.0.3
      normalize-path: 3.0.0
      readdirp: 3.6.0
    optionalDependencies:
      fsevents: 2.3.3
    dev: true

  /color-convert@2.0.1:
    resolution: {integrity: sha1-ctOmjVmMm9s68q0ehPIdiWq9TeM=, tarball: http://r.npm.sankuai.com/color-convert/download/color-convert-2.0.1.tgz}
    engines: {node: '>=7.0.0'}
    dependencies:
      color-name: 1.1.4
    dev: true

  /color-name@1.1.4:
    resolution: {integrity: sha1-wqCah6y95pVD3m9j+jmVyCbFNqI=, tarball: http://r.npm.sankuai.com/color-name/download/color-name-1.1.4.tgz}
    dev: true

  /commander@4.1.1:
    resolution: {integrity: sha1-n9YCvZNilOnp70aj9NaWQESxgGg=, tarball: http://r.npm.sankuai.com/commander/download/commander-4.1.1.tgz}
    engines: {node: '>= 6'}
    dev: true

  /cross-spawn@7.0.3:
    resolution: {integrity: sha1-9zqFudXUHQRVUcF34ogtSshXKKY=, tarball: http://r.npm.sankuai.com/cross-spawn/download/cross-spawn-7.0.3.tgz}
    engines: {node: '>= 8'}
    dependencies:
      path-key: 3.1.1
      shebang-command: 2.0.0
      which: 2.0.2
    dev: true

  /debug@4.3.4:
    resolution: {integrity: sha1-Exn2V5NX8jONMzfSzdSRS7XcyGU=, tarball: http://r.npm.sankuai.com/debug/download/debug-4.3.4.tgz}
    engines: {node: '>=6.0'}
    peerDependencies:
      supports-color: '*'
    peerDependenciesMeta:
      supports-color:
        optional: true
    dependencies:
      ms: 2.1.2
    dev: true

  /dir-glob@3.0.1:
    resolution: {integrity: sha1-Vtv3PZkqSpO6FYT0U0Bj/S5BcX8=, tarball: http://r.npm.sankuai.com/dir-glob/download/dir-glob-3.0.1.tgz}
    engines: {node: '>=8'}
    dependencies:
      path-type: 4.0.0
    dev: true

  /eastasianwidth@0.2.0:
    resolution: {integrity: sha1-aWzi7Aqg5uqTo5f/zySqeEDIJ8s=, tarball: http://r.npm.sankuai.com/eastasianwidth/download/eastasianwidth-0.2.0.tgz}
    dev: true

  /emoji-regex@8.0.0:
    resolution: {integrity: sha1-6Bj9ac5cz8tARZT4QpY79TFkzDc=, tarball: http://r.npm.sankuai.com/emoji-regex/download/emoji-regex-8.0.0.tgz}
    dev: true

  /emoji-regex@9.2.2:
    resolution: {integrity: sha1-hAyIA7DYBH9P8M+WMXazLU7z7XI=, tarball: http://r.npm.sankuai.com/emoji-regex/download/emoji-regex-9.2.2.tgz}
    dev: true

  /esbuild@0.19.12:
    resolution: {integrity: sha1-3ILuXceegvWlw7QyOipkGCfbPgQ=, tarball: http://r.npm.sankuai.com/esbuild/download/esbuild-0.19.12.tgz}
    engines: {node: '>=12'}
    hasBin: true
    requiresBuild: true
    optionalDependencies:
      '@esbuild/aix-ppc64': 0.19.12
      '@esbuild/android-arm': 0.19.12
      '@esbuild/android-arm64': 0.19.12
      '@esbuild/android-x64': 0.19.12
      '@esbuild/darwin-arm64': 0.19.12
      '@esbuild/darwin-x64': 0.19.12
      '@esbuild/freebsd-arm64': 0.19.12
      '@esbuild/freebsd-x64': 0.19.12
      '@esbuild/linux-arm': 0.19.12
      '@esbuild/linux-arm64': 0.19.12
      '@esbuild/linux-ia32': 0.19.12
      '@esbuild/linux-loong64': 0.19.12
      '@esbuild/linux-mips64el': 0.19.12
      '@esbuild/linux-ppc64': 0.19.12
      '@esbuild/linux-riscv64': 0.19.12
      '@esbuild/linux-s390x': 0.19.12
      '@esbuild/linux-x64': 0.19.12
      '@esbuild/netbsd-x64': 0.19.12
      '@esbuild/openbsd-x64': 0.19.12
      '@esbuild/sunos-x64': 0.19.12
      '@esbuild/win32-arm64': 0.19.12
      '@esbuild/win32-ia32': 0.19.12
      '@esbuild/win32-x64': 0.19.12
    dev: true

  /execa@5.1.1:
    resolution: {integrity: sha1-+ArZy/Qpj3vR1MlVXCHpN0HEEd0=, tarball: http://r.npm.sankuai.com/execa/download/execa-5.1.1.tgz}
    engines: {node: '>=10'}
    dependencies:
      cross-spawn: 7.0.3
      get-stream: 6.0.1
      human-signals: 2.1.0
      is-stream: 2.0.1
      merge-stream: 2.0.0
      npm-run-path: 4.0.1
      onetime: 5.1.2
      signal-exit: 3.0.7
      strip-final-newline: 2.0.0
    dev: true

  /fast-glob@3.3.2:
    resolution: {integrity: sha1-qQRQHlfP3S/83tRemaVP71XkYSk=, tarball: http://r.npm.sankuai.com/fast-glob/download/fast-glob-3.3.2.tgz}
    engines: {node: '>=8.6.0'}
    dependencies:
      '@nodelib/fs.stat': 2.0.5
      '@nodelib/fs.walk': 1.2.8
      glob-parent: 5.1.2
      merge2: 1.4.1
      micromatch: 4.0.5
    dev: true

  /fastq@1.17.1:
    resolution: {integrity: sha1-KlI/B6TnsegaQrkbi/IlQQd1O0c=, tarball: http://r.npm.sankuai.com/fastq/download/fastq-1.17.1.tgz}
    dependencies:
      reusify: 1.0.4
    dev: true

  /fill-range@7.0.1:
    resolution: {integrity: sha1-GRmmp8df44ssfHflGYU12prN2kA=, tarball: http://r.npm.sankuai.com/fill-range/download/fill-range-7.0.1.tgz}
    engines: {node: '>=8'}
    dependencies:
      to-regex-range: 5.0.1
    dev: true

  /foreground-child@3.1.1:
    resolution: {integrity: sha1-HRc+d2110ncv7Qjv5KDeHqGxLQ0=, tarball: http://r.npm.sankuai.com/foreground-child/download/foreground-child-3.1.1.tgz}
    engines: {node: '>=14'}
    dependencies:
      cross-spawn: 7.0.3
      signal-exit: 4.1.0
    dev: true

  /fsevents@2.3.3:
    resolution: {integrity: sha1-ysZAd4XQNnWipeGlMFxpezR9kNY=, tarball: http://r.npm.sankuai.com/fsevents/download/fsevents-2.3.3.tgz}
    engines: {node: ^8.16.0 || ^10.6.0 || >=11.0.0}
    os: [darwin]
    requiresBuild: true
    dev: true
    optional: true

  /get-stream@6.0.1:
    resolution: {integrity: sha1-omLY7vZ6ztV8KFKtYWdSakPL97c=, tarball: http://r.npm.sankuai.com/get-stream/download/get-stream-6.0.1.tgz}
    engines: {node: '>=10'}
    dev: true

  /glob-parent@5.1.2:
    resolution: {integrity: sha1-hpgyxYA0/mikCTwX3BXoNA2EAcQ=, tarball: http://r.npm.sankuai.com/glob-parent/download/glob-parent-5.1.2.tgz}
    engines: {node: '>= 6'}
    dependencies:
      is-glob: 4.0.3
    dev: true

  /glob@10.3.10:
    resolution: {integrity: sha1-A1HruAn9GH/kIauWr4PTpwcV30s=, tarball: http://r.npm.sankuai.com/glob/download/glob-10.3.10.tgz}
    engines: {node: '>=16 || 14 >=14.17'}
    hasBin: true
    dependencies:
      foreground-child: 3.1.1
      jackspeak: 2.3.6
      minimatch: 9.0.3
      minipass: 7.0.4
      path-scurry: 1.10.1
    dev: true

  /globby@11.1.0:
    resolution: {integrity: sha1-vUvpi7BC+D15b344EZkfvoKg00s=, tarball: http://r.npm.sankuai.com/globby/download/globby-11.1.0.tgz}
    engines: {node: '>=10'}
    dependencies:
      array-union: 2.1.0
      dir-glob: 3.0.1
      fast-glob: 3.3.2
      ignore: 5.3.1
      merge2: 1.4.1
      slash: 3.0.0
    dev: true

  /human-signals@2.1.0:
    resolution: {integrity: sha1-3JH8ukLk0G5Kuu0zs+ejwC9RTqA=, tarball: http://r.npm.sankuai.com/human-signals/download/human-signals-2.1.0.tgz}
    engines: {node: '>=10.17.0'}
    dev: true

  /ignore@5.3.1:
    resolution: {integrity: sha1-UHPlVM1CxbM7OUN19Ti4WT401O8=, tarball: http://r.npm.sankuai.com/ignore/download/ignore-5.3.1.tgz}
    engines: {node: '>= 4'}
    dev: true

  /is-binary-path@2.1.0:
    resolution: {integrity: sha1-6h9/O4DwZCNug0cPhsCcJU+0Wwk=, tarball: http://r.npm.sankuai.com/is-binary-path/download/is-binary-path-2.1.0.tgz}
    engines: {node: '>=8'}
    dependencies:
      binary-extensions: 2.2.0
    dev: true

  /is-extglob@2.1.1:
    resolution: {integrity: sha1-qIwCU1eR8C7TfHahueqXc8gz+MI=, tarball: http://r.npm.sankuai.com/is-extglob/download/is-extglob-2.1.1.tgz}
    engines: {node: '>=0.10.0'}
    dev: true

  /is-fullwidth-code-point@3.0.0:
    resolution: {integrity: sha1-8Rb4Bk/pCz94RKOJl8C3UFEmnx0=, tarball: http://r.npm.sankuai.com/is-fullwidth-code-point/download/is-fullwidth-code-point-3.0.0.tgz}
    engines: {node: '>=8'}
    dev: true

  /is-glob@4.0.3:
    resolution: {integrity: sha1-ZPYeQsu7LuwgcanawLKLoeZdUIQ=, tarball: http://r.npm.sankuai.com/is-glob/download/is-glob-4.0.3.tgz}
    engines: {node: '>=0.10.0'}
    dependencies:
      is-extglob: 2.1.1
    dev: true

  /is-number@7.0.0:
    resolution: {integrity: sha1-dTU0W4lnNNX4DE0GxQlVUnoU8Ss=, tarball: http://r.npm.sankuai.com/is-number/download/is-number-7.0.0.tgz}
    engines: {node: '>=0.12.0'}
    dev: true

  /is-stream@2.0.1:
    resolution: {integrity: sha1-+sHj1TuXrVqdCunO8jifWBClwHc=, tarball: http://r.npm.sankuai.com/is-stream/download/is-stream-2.0.1.tgz}
    engines: {node: '>=8'}
    dev: true

  /isexe@2.0.0:
    resolution: {integrity: sha1-6PvzdNxVb/iUehDcsFctYz8s+hA=, tarball: http://r.npm.sankuai.com/isexe/download/isexe-2.0.0.tgz}
    dev: true

  /jackspeak@2.3.6:
    resolution: {integrity: sha1-ZH7MRyI4ruSwasDkYazCGoxQXKg=, tarball: http://r.npm.sankuai.com/jackspeak/download/jackspeak-2.3.6.tgz}
    engines: {node: '>=14'}
    dependencies:
      '@isaacs/cliui': 8.0.2
    optionalDependencies:
      '@pkgjs/parseargs': 0.11.0
    dev: true

  /joycon@3.1.1:
    resolution: {integrity: sha1-vOhZbWroCPi2gWj1/GkoCZaJTwM=, tarball: http://r.npm.sankuai.com/joycon/download/joycon-3.1.1.tgz}
    engines: {node: '>=10'}
    dev: true

  /lilconfig@3.1.1:
    resolution: {integrity: sha1-nYokb6dTEGz8IF/S13BC+spW5eM=, tarball: http://r.npm.sankuai.com/lilconfig/download/lilconfig-3.1.1.tgz}
    engines: {node: '>=14'}
    dev: true

  /lines-and-columns@1.2.4:
    resolution: {integrity: sha1-7KKE910pZQeTCdwK2SVauy68FjI=, tarball: http://r.npm.sankuai.com/lines-and-columns/download/lines-and-columns-1.2.4.tgz}
    dev: true

  /load-tsconfig@0.2.5:
    resolution: {integrity: sha1-RTuM2JYb+5Et6nfrbBaP6Myj06E=, tarball: http://r.npm.sankuai.com/load-tsconfig/download/load-tsconfig-0.2.5.tgz}
    engines: {node: ^12.20.0 || ^14.13.1 || >=16.0.0}
    dev: true

  /lodash.sortby@4.7.0:
    resolution: {integrity: sha1-7dFMgk4sycHgsKG0K7UhBRakJDg=, tarball: http://r.npm.sankuai.com/lodash.sortby/download/lodash.sortby-4.7.0.tgz}
    dev: true

  /lru-cache@10.2.0:
    resolution: {integrity: sha1-C9RFylc2NGWQD00fm9jbNDpNlcM=, tarball: http://r.npm.sankuai.com/lru-cache/download/lru-cache-10.2.0.tgz}
    engines: {node: 14 || >=16.14}
    dev: true

  /merge-stream@2.0.0:
    resolution: {integrity: sha1-UoI2KaFN0AyXcPtq1H3GMQ8sH2A=, tarball: http://r.npm.sankuai.com/merge-stream/download/merge-stream-2.0.0.tgz}
    dev: true

  /merge2@1.4.1:
    resolution: {integrity: sha1-Q2iJL4hekHRVpv19xVwMnUBJkK4=, tarball: http://r.npm.sankuai.com/merge2/download/merge2-1.4.1.tgz}
    engines: {node: '>= 8'}
    dev: true

  /micromatch@4.0.5:
    resolution: {integrity: sha1-vImZp8u/d83InxMvbkZwUbSQkMY=, tarball: http://r.npm.sankuai.com/micromatch/download/micromatch-4.0.5.tgz}
    engines: {node: '>=8.6'}
    dependencies:
      braces: 3.0.2
      picomatch: 2.3.1
    dev: true

  /mimic-fn@2.1.0:
    resolution: {integrity: sha1-ftLCzMyvhNP/y3pptXcR/CCDQBs=, tarball: http://r.npm.sankuai.com/mimic-fn/download/mimic-fn-2.1.0.tgz}
    engines: {node: '>=6'}
    dev: true

  /minimatch@9.0.3:
    resolution: {integrity: sha1-puAMPeRMOlQr+q5wq/wiQgptqCU=, tarball: http://r.npm.sankuai.com/minimatch/download/minimatch-9.0.3.tgz}
    engines: {node: '>=16 || 14 >=14.17'}
    dependencies:
      brace-expansion: 2.0.1
    dev: true

  /minipass@7.0.4:
    resolution: {integrity: sha1-284DdA9QpHhrqZTB+5CIRNJ7A4w=, tarball: http://r.npm.sankuai.com/minipass/download/minipass-7.0.4.tgz}
    engines: {node: '>=16 || 14 >=14.17'}
    dev: true

  /ms@2.1.2:
    resolution: {integrity: sha1-0J0fNXtEP0kzgqjrPM0YOHKuYAk=, tarball: https://r.npm.sankuai.com/ms/download/ms-2.1.2.tgz}
    dev: true

  /mz@2.7.0:
    resolution: {integrity: sha1-lQCAV6Vsr63CvGPd5/n/aVWUjjI=, tarball: http://r.npm.sankuai.com/mz/download/mz-2.7.0.tgz}
    dependencies:
      any-promise: 1.3.0
      object-assign: 4.1.1
      thenify-all: 1.6.0
    dev: true

  /normalize-path@3.0.0:
    resolution: {integrity: sha1-Dc1p/yOhybEf0JeDFmRKA4ghamU=, tarball: http://r.npm.sankuai.com/normalize-path/download/normalize-path-3.0.0.tgz}
    engines: {node: '>=0.10.0'}
    dev: true

  /npm-run-path@4.0.1:
    resolution: {integrity: sha1-t+zR5e1T2o43pV4cImnguX7XSOo=, tarball: http://r.npm.sankuai.com/npm-run-path/download/npm-run-path-4.0.1.tgz}
    engines: {node: '>=8'}
    dependencies:
      path-key: 3.1.1
    dev: true

  /object-assign@4.1.1:
    resolution: {integrity: sha1-IQmtx5ZYh8/AXLvUQsrIv7s2CGM=, tarball: http://r.npm.sankuai.com/object-assign/download/object-assign-4.1.1.tgz}
    engines: {node: '>=0.10.0'}
    dev: true

  /onetime@5.1.2:
    resolution: {integrity: sha1-0Oluu1awdHbfHdnEgG5SN5hcpF4=, tarball: http://r.npm.sankuai.com/onetime/download/onetime-5.1.2.tgz}
    engines: {node: '>=6'}
    dependencies:
      mimic-fn: 2.1.0
    dev: true

  /path-key@3.1.1:
    resolution: {integrity: sha1-WB9q3mWMu6ZaDTOA3ndTKVBU83U=, tarball: http://r.npm.sankuai.com/path-key/download/path-key-3.1.1.tgz}
    engines: {node: '>=8'}
    dev: true

  /path-scurry@1.10.1:
    resolution: {integrity: sha1-m6a/WqhQD+n9Z99PDZSDsrC/xpg=, tarball: http://r.npm.sankuai.com/path-scurry/download/path-scurry-1.10.1.tgz}
    engines: {node: '>=16 || 14 >=14.17'}
    dependencies:
      lru-cache: 10.2.0
      minipass: 7.0.4
    dev: true

  /path-type@4.0.0:
    resolution: {integrity: sha1-hO0BwKe6OAr+CdkKjBgNzZ0DBDs=, tarball: http://r.npm.sankuai.com/path-type/download/path-type-4.0.0.tgz}
    engines: {node: '>=8'}
    dev: true

  /picomatch@2.3.1:
    resolution: {integrity: sha1-O6ODNzNkbZ0+SZWUbBNlpn+wekI=, tarball: http://r.npm.sankuai.com/picomatch/download/picomatch-2.3.1.tgz}
    engines: {node: '>=8.6'}
    dev: true

  /pirates@4.0.6:
    resolution: {integrity: sha1-MBiuMuz8/2wpuiJny/IRZqwfNrk=, tarball: http://r.npm.sankuai.com/pirates/download/pirates-4.0.6.tgz}
    engines: {node: '>= 6'}
    dev: true

  /postcss-load-config@4.0.2:
    resolution: {integrity: sha1-cVnc9iYRjTPimfSF1q/kr/fEo+M=, tarball: http://r.npm.sankuai.com/postcss-load-config/download/postcss-load-config-4.0.2.tgz}
    engines: {node: '>= 14'}
    peerDependencies:
      postcss: '>=8.0.9'
      ts-node: '>=9.0.0'
    peerDependenciesMeta:
      postcss:
        optional: true
      ts-node:
        optional: true
    dependencies:
      lilconfig: 3.1.1
      yaml: 2.4.0
    dev: true

  /punycode@2.3.1:
    resolution: {integrity: sha1-AnQi4vrsCyXhVJw+G9gwm5EztuU=, tarball: http://r.npm.sankuai.com/punycode/download/punycode-2.3.1.tgz}
    engines: {node: '>=6'}
    dev: true

  /queue-microtask@1.2.3:
    resolution: {integrity: sha1-SSkii7xyTfrEPg77BYyve2z7YkM=, tarball: http://r.npm.sankuai.com/queue-microtask/download/queue-microtask-1.2.3.tgz}
    dev: true

  /readdirp@3.6.0:
    resolution: {integrity: sha1-dKNwvYVxFuJFspzJc0DNQxoCpsc=, tarball: http://r.npm.sankuai.com/readdirp/download/readdirp-3.6.0.tgz}
    engines: {node: '>=8.10.0'}
    dependencies:
      picomatch: 2.3.1
    dev: true

  /resolve-from@5.0.0:
    resolution: {integrity: sha1-w1IlhD3493bfIcV1V7wIfp39/Gk=, tarball: http://r.npm.sankuai.com/resolve-from/download/resolve-from-5.0.0.tgz}
    engines: {node: '>=8'}
    dev: true

  /reusify@1.0.4:
    resolution: {integrity: sha1-kNo4Kx4SbvwCFG6QhFqI2xKSXXY=, tarball: http://r.npm.sankuai.com/reusify/download/reusify-1.0.4.tgz}
    engines: {iojs: '>=1.0.0', node: '>=0.10.0'}
    dev: true

  /rollup@4.12.0:
    resolution: {integrity: sha1-C20eXz1Gu88kTe7EGnQh3FTMRbU=, tarball: http://r.npm.sankuai.com/rollup/download/rollup-4.12.0.tgz}
    engines: {node: '>=18.0.0', npm: '>=8.0.0'}
    hasBin: true
    dependencies:
      '@types/estree': 1.0.5
    optionalDependencies:
      '@rollup/rollup-android-arm-eabi': 4.12.0
      '@rollup/rollup-android-arm64': 4.12.0
      '@rollup/rollup-darwin-arm64': 4.12.0
      '@rollup/rollup-darwin-x64': 4.12.0
      '@rollup/rollup-linux-arm-gnueabihf': 4.12.0
      '@rollup/rollup-linux-arm64-gnu': 4.12.0
      '@rollup/rollup-linux-arm64-musl': 4.12.0
      '@rollup/rollup-linux-riscv64-gnu': 4.12.0
      '@rollup/rollup-linux-x64-gnu': 4.12.0
      '@rollup/rollup-linux-x64-musl': 4.12.0
      '@rollup/rollup-win32-arm64-msvc': 4.12.0
      '@rollup/rollup-win32-ia32-msvc': 4.12.0
      '@rollup/rollup-win32-x64-msvc': 4.12.0
      fsevents: 2.3.3
    dev: true

  /run-parallel@1.2.0:
    resolution: {integrity: sha1-ZtE2jae9+SHrnZW9GpIp5/IaQ+4=, tarball: http://r.npm.sankuai.com/run-parallel/download/run-parallel-1.2.0.tgz}
    dependencies:
      queue-microtask: 1.2.3
    dev: true

  /shebang-command@2.0.0:
    resolution: {integrity: sha1-zNCvT4g1+9wmW4JGGq8MNmY/NOo=, tarball: http://r.npm.sankuai.com/shebang-command/download/shebang-command-2.0.0.tgz}
    engines: {node: '>=8'}
    dependencies:
      shebang-regex: 3.0.0
    dev: true

  /shebang-regex@3.0.0:
    resolution: {integrity: sha1-rhbxZE2HPsrYQ7AwexQzYtTEIXI=, tarball: http://r.npm.sankuai.com/shebang-regex/download/shebang-regex-3.0.0.tgz}
    engines: {node: '>=8'}
    dev: true

  /signal-exit@3.0.7:
    resolution: {integrity: sha1-qaF2f4r4QVURTqq9c/mSc8j1mtk=, tarball: http://r.npm.sankuai.com/signal-exit/download/signal-exit-3.0.7.tgz}
    dev: true

  /signal-exit@4.1.0:
    resolution: {integrity: sha1-lSGIwcvVRgcOLdIND0HArgUwywQ=, tarball: http://r.npm.sankuai.com/signal-exit/download/signal-exit-4.1.0.tgz}
    engines: {node: '>=14'}
    dev: true

  /slash@3.0.0:
    resolution: {integrity: sha1-ZTm+hwwWWtvVJAIg2+Nh8bxNRjQ=, tarball: http://r.npm.sankuai.com/slash/download/slash-3.0.0.tgz}
    engines: {node: '>=8'}
    dev: true

  /source-map@0.8.0-beta.0:
    resolution: {integrity: sha1-1MG7QsP37pJfAFknuhBwng0dHxE=, tarball: https://r.npm.sankuai.com/source-map/download/source-map-0.8.0-beta.0.tgz}
    engines: {node: '>= 8'}
    dependencies:
      whatwg-url: 7.1.0
    dev: true

  /string-width@4.2.3:
    resolution: {integrity: sha1-JpxxF9J7Ba0uU2gwqOyJXvnG0BA=, tarball: http://r.npm.sankuai.com/string-width/download/string-width-4.2.3.tgz}
    engines: {node: '>=8'}
    dependencies:
      emoji-regex: 8.0.0
      is-fullwidth-code-point: 3.0.0
      strip-ansi: 6.0.1
    dev: true

  /string-width@5.1.2:
    resolution: {integrity: sha1-FPja7G2B5yIdKjV+Zoyrc728p5Q=, tarball: http://r.npm.sankuai.com/string-width/download/string-width-5.1.2.tgz}
    engines: {node: '>=12'}
    dependencies:
      eastasianwidth: 0.2.0
      emoji-regex: 9.2.2
      strip-ansi: 7.1.0
    dev: true

  /strip-ansi@6.0.1:
    resolution: {integrity: sha1-nibGPTD1NEPpSJSVshBdN7Z6hdk=, tarball: http://r.npm.sankuai.com/strip-ansi/download/strip-ansi-6.0.1.tgz}
    engines: {node: '>=8'}
    dependencies:
      ansi-regex: 5.0.1
    dev: true

  /strip-ansi@7.1.0:
    resolution: {integrity: sha1-1bZWjKaJ2FYTcLBwdoXSJDT6/0U=, tarball: http://r.npm.sankuai.com/strip-ansi/download/strip-ansi-7.1.0.tgz}
    engines: {node: '>=12'}
    dependencies:
      ansi-regex: 6.0.1
    dev: true

  /strip-final-newline@2.0.0:
    resolution: {integrity: sha1-ibhS+y/L6Tb29LMYevsKEsGrWK0=, tarball: http://r.npm.sankuai.com/strip-final-newline/download/strip-final-newline-2.0.0.tgz}
    engines: {node: '>=6'}
    dev: true

  /sucrase@3.35.0:
    resolution: {integrity: sha1-V/F6PX4Zs22JlfBmedEhvpFK4mM=, tarball: http://r.npm.sankuai.com/sucrase/download/sucrase-3.35.0.tgz}
    engines: {node: '>=16 || 14 >=14.17'}
    hasBin: true
    dependencies:
      '@jridgewell/gen-mapping': 0.3.4
      commander: 4.1.1
      glob: 10.3.10
      lines-and-columns: 1.2.4
      mz: 2.7.0
      pirates: 4.0.6
      ts-interface-checker: 0.1.13
    dev: true

  /thenify-all@1.6.0:
    resolution: {integrity: sha1-GhkY1ALY/D+Y+/I02wvMjMEOlyY=, tarball: http://r.npm.sankuai.com/thenify-all/download/thenify-all-1.6.0.tgz}
    engines: {node: '>=0.8'}
    dependencies:
      thenify: 3.3.1
    dev: true

  /thenify@3.3.1:
    resolution: {integrity: sha1-iTLmhqQGYDigFt2eLKRq3Zg4qV8=, tarball: http://r.npm.sankuai.com/thenify/download/thenify-3.3.1.tgz}
    dependencies:
      any-promise: 1.3.0
    dev: true

  /to-regex-range@5.0.1:
    resolution: {integrity: sha1-FkjESq58jZiKMmAY7XL1tN0DkuQ=, tarball: http://r.npm.sankuai.com/to-regex-range/download/to-regex-range-5.0.1.tgz}
    engines: {node: '>=8.0'}
    dependencies:
      is-number: 7.0.0
    dev: true

  /tr46@1.0.1:
    resolution: {integrity: sha1-qLE/1r/SSJUZZ0zN5VujaTtwbQk=, tarball: http://r.npm.sankuai.com/tr46/download/tr46-1.0.1.tgz}
    dependencies:
      punycode: 2.3.1
    dev: true

  /tree-kill@1.2.2:
    resolution: {integrity: sha1-TKCakJLIi3OnzcXooBtQeweQoMw=, tarball: http://r.npm.sankuai.com/tree-kill/download/tree-kill-1.2.2.tgz}
    hasBin: true
    dev: true

  /ts-interface-checker@0.1.13:
    resolution: {integrity: sha1-eE/T1nlyK8EDsbS4AwvN212yppk=, tarball: http://r.npm.sankuai.com/ts-interface-checker/download/ts-interface-checker-0.1.13.tgz}
    dev: true

  /tsup@8.0.2(typescript@5.3.3):
    resolution: {integrity: sha1-xjGSoIOGUVED4sRKxaI73/dcX6E=, tarball: http://r.npm.sankuai.com/tsup/download/tsup-8.0.2.tgz}
    engines: {node: '>=18'}
    hasBin: true
    peerDependencies:
      '@microsoft/api-extractor': ^7.36.0
      '@swc/core': ^1
      postcss: ^8.4.12
      typescript: '>=4.5.0'
    peerDependenciesMeta:
      '@microsoft/api-extractor':
        optional: true
      '@swc/core':
        optional: true
      postcss:
        optional: true
      typescript:
        optional: true
    dependencies:
      bundle-require: 4.0.2(esbuild@0.19.12)
      cac: 6.7.14
      chokidar: 3.6.0
      debug: 4.3.4
      esbuild: 0.19.12
      execa: 5.1.1
      globby: 11.1.0
      joycon: 3.1.1
      postcss-load-config: 4.0.2
      resolve-from: 5.0.0
      rollup: 4.12.0
      source-map: 0.8.0-beta.0
      sucrase: 3.35.0
      tree-kill: 1.2.2
      typescript: 5.3.3
    transitivePeerDependencies:
      - supports-color
      - ts-node
    dev: true

  /typescript@5.3.3:
    resolution: {integrity: sha1-s85roljnLmMFumb1ybRSqu4//jc=, tarball: http://r.npm.sankuai.com/typescript/download/typescript-5.3.3.tgz}
    engines: {node: '>=14.17'}
    hasBin: true
    dev: true

  /webidl-conversions@4.0.2:
    resolution: {integrity: sha1-qFWYCx8LazWbodXZ+zmulB+qY60=, tarball: http://r.npm.sankuai.com/webidl-conversions/download/webidl-conversions-4.0.2.tgz}
    dev: true

  /whatwg-url@7.1.0:
    resolution: {integrity: sha1-wsSS8eymEpiO/T0iZr4bn8YXDQY=, tarball: http://r.npm.sankuai.com/whatwg-url/download/whatwg-url-7.1.0.tgz}
    dependencies:
      lodash.sortby: 4.7.0
      tr46: 1.0.1
      webidl-conversions: 4.0.2
    dev: true

  /which@2.0.2:
    resolution: {integrity: sha1-fGqN0KY2oDJ+ELWckobu6T8/UbE=, tarball: http://r.npm.sankuai.com/which/download/which-2.0.2.tgz}
    engines: {node: '>= 8'}
    hasBin: true
    dependencies:
      isexe: 2.0.0
    dev: true

  /wrap-ansi@7.0.0:
    resolution: {integrity: sha1-Z+FFz/UQpqaYS98RUpEdadLrnkM=, tarball: http://r.npm.sankuai.com/wrap-ansi/download/wrap-ansi-7.0.0.tgz}
    engines: {node: '>=10'}
    dependencies:
      ansi-styles: 4.3.0
      string-width: 4.2.3
      strip-ansi: 6.0.1
    dev: true

  /wrap-ansi@8.1.0:
    resolution: {integrity: sha1-VtwiNo7lcPrOG0mBmXXZuaXq0hQ=, tarball: http://r.npm.sankuai.com/wrap-ansi/download/wrap-ansi-8.1.0.tgz}
    engines: {node: '>=12'}
    dependencies:
      ansi-styles: 6.2.1
      string-width: 5.1.2
      strip-ansi: 7.1.0
    dev: true

  /yaml@2.4.0:
    resolution: {integrity: sha1-I3bbEIPRV/SzpFKZWAPbz0OwgUA=, tarball: http://r.npm.sankuai.com/yaml/download/yaml-2.4.0.tgz}
    engines: {node: '>= 14'}
    hasBin: true
    dev: true
